
Microsoft Visual Studio Solution File, Format Version 12.00
# Visual Studio Version 17
VisualStudioVersion = 17.4.33110.190
MinimumVisualStudioVersion = 10.0.40219.1
Project("{FAE04EC0-301F-11D3-BF4B-00C04F79EFBC}") = "Insurance_Tests(Final)", "Insurance_Tests(Final)\Insurance_Tests(Final).csproj", "{1043362D-011E-49DB-83D7-DA4C94F7AC5F}"
EndProject
Global
	GlobalSection(SolutionConfigurationPlatforms) = preSolution
		Debug|Any CPU = Debug|Any CPU
		Release|Any CPU = Release|Any CPU
	EndGlobalSection
	GlobalSection(ProjectConfigurationPlatforms) = postSolution
		{1043362D-011E-49DB-83D7-DA4C94F7AC5F}.Debug|Any CPU.ActiveCfg = Debug|Any CPU
		{1043362D-011E-49DB-83D7-DA4C94F7AC5F}.Debug|Any CPU.Build.0 = Debug|Any CPU
		{1043362D-011E-49DB-83D7-DA4C94F7AC5F}.Release|Any CPU.ActiveCfg = Release|Any CPU
		{1043362D-011E-49DB-83D7-DA4C94F7AC5F}.Release|Any CPU.Build.0 = Release|Any CPU
	EndGlobalSection
	GlobalSection(SolutionProperties) = preSolution
		HideSolutionNode = FALSE
	EndGlobalSection
	GlobalSection(ExtensibilityGlobals) = postSolution
		SolutionGuid = {96835335-5176-4C82-AAD6-EF4259C8567B}
	EndGlobalSection
EndGlobal
